
Microsoft Visual Studio Solution File, Format Version 12.00
# Visual Studio Version 16
VisualStudioVersion = 16.0.31613.86
MinimumVisualStudioVersion = 10.0.40219.1
Project("{FAE04EC0-301F-11D3-BF4B-00C04F79EFBC}") = "FirstMVCApp", "FirstMVCApp\FirstMVCApp.csproj", "{B262F559-57BD-46B2-B461-8D33FCE3C08A}"
EndProject
Global
	GlobalSection(SolutionConfigurationPlatforms) = preSolution
		Debug|Any CPU = Debug|Any CPU
		Release|Any CPU = Release|Any CPU
	EndGlobalSection
	GlobalSection(ProjectConfigurationPlatforms) = postSolution
		{B262F559-57BD-46B2-B461-8D33FCE3C08A}.Debug|Any CPU.ActiveCfg = Debug|Any CPU
		{B262F559-57BD-46B2-B461-8D33FCE3C08A}.Debug|Any CPU.Build.0 = Debug|Any CPU
		{B262F559-57BD-46B2-B461-8D33FCE3C08A}.Release|Any CPU.ActiveCfg = Release|Any CPU
		{B262F559-57BD-46B2-B461-8D33FCE3C08A}.Release|Any CPU.Build.0 = Release|Any CPU
	EndGlobalSection
	GlobalSection(SolutionProperties) = preSolution
		HideSolutionNode = FALSE
	EndGlobalSection
	GlobalSection(ExtensibilityGlobals) = postSolution
		SolutionGuid = {12EFFAD1-D822-4F26-A08D-065B8AA95570}
	EndGlobalSection
EndGlobal
